# This file was autogenerated by Stack.
# You should not edit this file by hand.
# For more information, please see the documentation at:
#   https://docs.haskellstack.org/en/stable/lock_files

packages:
- completed:
    hackage: vector-0.12.1.2@sha256:9291bc581f36e51d5bda9fce57cb980fbec3dd292996896f285fef39eb80a9a0,7364
    pantry-tree:
      size: 3784
      sha256: f79eefc8ba2b57ded2276f48046e64663d37b210b6047b6b6ecb30c9da196216
  original:
    hackage: vector-0.12.1.2
- completed:
    hackage: primitive-0.7.1.0@sha256:e7a412791f676df3e5cd5df6e8282fb2925932b0f7e1f51cd590deec369e945a,2728
    pantry-tree:
      size: 1376
      sha256: b0ad351a5416b27a0fde2380936db4f296ef81294720097b9c56bef0a2b02a66
  original:
    hackage: primitive-0.7.1.0
snapshots: []
